
Microsoft Visual Studio Solution File, Format Version 12.00
# Visual Studio Version 16
VisualStudioVersion = 16.0.30611.23
MinimumVisualStudioVersion = 10.0.40219.1
Project("{FAE04EC0-301F-11D3-BF4B-00C04F79EFBC}") = "Modul01_HelloWPF", "HelloWPF\Modul01_HelloWPF.csproj", "{464067D5-F04D-477E-8415-A126940F64B7}"
EndProject
Project("{FAE04EC0-301F-11D3-BF4B-00C04F79EFBC}") = "Modul02_Controls", "Controls\Modul02_Controls.csproj", "{F62294F3-4367-4E6B-97FC-010B60AF505A}"
EndProject
Project("{FAE04EC0-301F-11D3-BF4B-00C04F79EFBC}") = "Personendatenbank", "Personendatenbank\Personendatenbank.csproj", "{6ED685F6-1B31-4911-A725-088EDFD8B25A}"
EndProject
Project("{FAE04EC0-301F-11D3-BF4B-00C04F79EFBC}") = "Modul03_Container", "Container\Modul03_Container.csproj", "{A1202BC7-8CEF-4A42-8404-2D559755F21D}"
EndProject
Global
	GlobalSection(SolutionConfigurationPlatforms) = preSolution
		Debug|Any CPU = Debug|Any CPU
		Release|Any CPU = Release|Any CPU
	EndGlobalSection
	GlobalSection(ProjectConfigurationPlatforms) = postSolution
		{464067D5-F04D-477E-8415-A126940F64B7}.Debug|Any CPU.ActiveCfg = Debug|Any CPU
		{464067D5-F04D-477E-8415-A126940F64B7}.Debug|Any CPU.Build.0 = Debug|Any CPU
		{464067D5-F04D-477E-8415-A126940F64B7}.Release|Any CPU.ActiveCfg = Release|Any CPU
		{464067D5-F04D-477E-8415-A126940F64B7}.Release|Any CPU.Build.0 = Release|Any CPU
		{F62294F3-4367-4E6B-97FC-010B60AF505A}.Debug|Any CPU.ActiveCfg = Debug|Any CPU
		{F62294F3-4367-4E6B-97FC-010B60AF505A}.Debug|Any CPU.Build.0 = Debug|Any CPU
		{F62294F3-4367-4E6B-97FC-010B60AF505A}.Release|Any CPU.ActiveCfg = Release|Any CPU
		{F62294F3-4367-4E6B-97FC-010B60AF505A}.Release|Any CPU.Build.0 = Release|Any CPU
		{6ED685F6-1B31-4911-A725-088EDFD8B25A}.Debug|Any CPU.ActiveCfg = Debug|Any CPU
		{6ED685F6-1B31-4911-A725-088EDFD8B25A}.Debug|Any CPU.Build.0 = Debug|Any CPU
		{6ED685F6-1B31-4911-A725-088EDFD8B25A}.Release|Any CPU.ActiveCfg = Release|Any CPU
		{6ED685F6-1B31-4911-A725-088EDFD8B25A}.Release|Any CPU.Build.0 = Release|Any CPU
		{A1202BC7-8CEF-4A42-8404-2D559755F21D}.Debug|Any CPU.ActiveCfg = Debug|Any CPU
		{A1202BC7-8CEF-4A42-8404-2D559755F21D}.Debug|Any CPU.Build.0 = Debug|Any CPU
		{A1202BC7-8CEF-4A42-8404-2D559755F21D}.Release|Any CPU.ActiveCfg = Release|Any CPU
		{A1202BC7-8CEF-4A42-8404-2D559755F21D}.Release|Any CPU.Build.0 = Release|Any CPU
	EndGlobalSection
	GlobalSection(SolutionProperties) = preSolution
		HideSolutionNode = FALSE
	EndGlobalSection
	GlobalSection(ExtensibilityGlobals) = postSolution
		SolutionGuid = {DF8C88D1-A455-4BD3-BFD7-E58896C2E74F}
	EndGlobalSection
EndGlobal
